
Microsoft Visual Studio Solution File, Format Version 12.00
# Visual Studio Version 17
VisualStudioVersion = 17.11.35312.102
MinimumVisualStudioVersion = 10.0.40219.1
Project("{FAE04EC0-301F-11D3-BF4B-00C04F79EFBC}") = "Deliverable 1(1)", "Deliverable 1(1)\Deliverable 1(1).csproj", "{9EF7DC62-50A3-4BBC-93C1-B260F59F9A24}"
EndProject
Global
	GlobalSection(SolutionConfigurationPlatforms) = preSolution
		Debug|Any CPU = Debug|Any CPU
		Release|Any CPU = Release|Any CPU
	EndGlobalSection
	GlobalSection(ProjectConfigurationPlatforms) = postSolution
		{9EF7DC62-50A3-4BBC-93C1-B260F59F9A24}.Debug|Any CPU.ActiveCfg = Debug|Any CPU
		{9EF7DC62-50A3-4BBC-93C1-B260F59F9A24}.Debug|Any CPU.Build.0 = Debug|Any CPU
		{9EF7DC62-50A3-4BBC-93C1-B260F59F9A24}.Release|Any CPU.ActiveCfg = Release|Any CPU
		{9EF7DC62-50A3-4BBC-93C1-B260F59F9A24}.Release|Any CPU.Build.0 = Release|Any CPU
	EndGlobalSection
	GlobalSection(SolutionProperties) = preSolution
		HideSolutionNode = FALSE
	EndGlobalSection
	GlobalSection(ExtensibilityGlobals) = postSolution
		SolutionGuid = {C8584EC1-C3E4-45B1-BECC-EC0BA01DD67B}
	EndGlobalSection
EndGlobal
